
Microsoft Visual Studio Solution File, Format Version 11.00
# Visual Studio 2010
Project("{8BC9CEB8-8B4A-11D0-8D11-00A0C91BC942}") = "CryptAcquireContext", "CryptAcquireContext\CryptAcquireContext.vcxproj", "{A494D1D5-D7A8-4652-A497-A267DAE6B8C3}"
EndProject
Global
	GlobalSection(SolutionConfigurationPlatforms) = preSolution
		Debug|Win32 = Debug|Win32
		Release|Win32 = Release|Win32
	EndGlobalSection
	GlobalSection(ProjectConfigurationPlatforms) = postSolution
		{A494D1D5-D7A8-4652-A497-A267DAE6B8C3}.Debug|Win32.ActiveCfg = Debug|Win32
		{A494D1D5-D7A8-4652-A497-A267DAE6B8C3}.Debug|Win32.Build.0 = Debug|Win32
		{A494D1D5-D7A8-4652-A497-A267DAE6B8C3}.Release|Win32.ActiveCfg = Release|Win32
		{A494D1D5-D7A8-4652-A497-A267DAE6B8C3}.Release|Win32.Build.0 = Release|Win32
	EndGlobalSection
	GlobalSection(SolutionProperties) = preSolution
		HideSolutionNode = FALSE
	EndGlobalSection
EndGlobal
